
Microsoft Visual Studio Solution File, Format Version 12.00
# Visual Studio Version 17
VisualStudioVersion = 17.9.34723.18
MinimumVisualStudioVersion = 10.0.40219.1
Project("{FAE04EC0-301F-11D3-BF4B-00C04F79EFBC}") = "csharp-patients-management", "csharp-patients-management\csharp-patients-management.csproj", "{BC4F4394-8A63-476C-94A4-6031C6B2CA07}"
EndProject
Global
	GlobalSection(SolutionConfigurationPlatforms) = preSolution
		Debug|Any CPU = Debug|Any CPU
		Release|Any CPU = Release|Any CPU
	EndGlobalSection
	GlobalSection(ProjectConfigurationPlatforms) = postSolution
		{BC4F4394-8A63-476C-94A4-6031C6B2CA07}.Debug|Any CPU.ActiveCfg = Debug|Any CPU
		{BC4F4394-8A63-476C-94A4-6031C6B2CA07}.Debug|Any CPU.Build.0 = Debug|Any CPU
		{BC4F4394-8A63-476C-94A4-6031C6B2CA07}.Release|Any CPU.ActiveCfg = Release|Any CPU
		{BC4F4394-8A63-476C-94A4-6031C6B2CA07}.Release|Any CPU.Build.0 = Release|Any CPU
	EndGlobalSection
	GlobalSection(SolutionProperties) = preSolution
		HideSolutionNode = FALSE
	EndGlobalSection
	GlobalSection(ExtensibilityGlobals) = postSolution
		SolutionGuid = {8AA35964-5A55-43EE-93BD-0CECC77CB115}
	EndGlobalSection
EndGlobal
